
Microsoft Visual Studio Solution File, Format Version 12.00
# Visual Studio Version 17
VisualStudioVersion = 17.7.34221.43
MinimumVisualStudioVersion = 10.0.40219.1
Project("{FAE04EC0-301F-11D3-BF4B-00C04F79EFBC}") = "WebApplication5", "WebApplication5\WebApplication5.csproj", "{EB29DD2B-1298-4C00-8A37-35230154E311}"
EndProject
Global
	GlobalSection(SolutionConfigurationPlatforms) = preSolution
		Debug|Any CPU = Debug|Any CPU
		Release|Any CPU = Release|Any CPU
	EndGlobalSection
	GlobalSection(ProjectConfigurationPlatforms) = postSolution
		{EB29DD2B-1298-4C00-8A37-35230154E311}.Debug|Any CPU.ActiveCfg = Debug|Any CPU
		{EB29DD2B-1298-4C00-8A37-35230154E311}.Debug|Any CPU.Build.0 = Debug|Any CPU
		{EB29DD2B-1298-4C00-8A37-35230154E311}.Release|Any CPU.ActiveCfg = Release|Any CPU
		{EB29DD2B-1298-4C00-8A37-35230154E311}.Release|Any CPU.Build.0 = Release|Any CPU
	EndGlobalSection
	GlobalSection(SolutionProperties) = preSolution
		HideSolutionNode = FALSE
	EndGlobalSection
	GlobalSection(ExtensibilityGlobals) = postSolution
		SolutionGuid = {44B311EF-33D7-4226-B2E8-DD68E7AFB53E}
	EndGlobalSection
EndGlobal
